
Microsoft Visual Studio Solution File, Format Version 12.00
# Visual Studio Version 16
VisualStudioVersion = 16.0.808.0
MinimumVisualStudioVersion = 10.0.40219.1
Project("{FAE04EC0-301F-11D3-BF4B-00C04F79EFBC}") = "VowelCount", "VowelCount\VowelCount.csproj", "{79ECE9D9-85BB-4C25-8B1E-8C5061BC8337}"
EndProject
Project("{FAE04EC0-301F-11D3-BF4B-00C04F79EFBC}") = "VowelCountTests", "VowelCountTests\VowelCountTests.csproj", "{BBB03861-0F6B-4255-90D2-F80DAAEFBC1D}"
EndProject
Global
	GlobalSection(SolutionConfigurationPlatforms) = preSolution
		Debug|Any CPU = Debug|Any CPU
		Release|Any CPU = Release|Any CPU
	EndGlobalSection
	GlobalSection(ProjectConfigurationPlatforms) = postSolution
		{79ECE9D9-85BB-4C25-8B1E-8C5061BC8337}.Debug|Any CPU.ActiveCfg = Debug|Any CPU
		{79ECE9D9-85BB-4C25-8B1E-8C5061BC8337}.Debug|Any CPU.Build.0 = Debug|Any CPU
		{79ECE9D9-85BB-4C25-8B1E-8C5061BC8337}.Release|Any CPU.ActiveCfg = Release|Any CPU
		{79ECE9D9-85BB-4C25-8B1E-8C5061BC8337}.Release|Any CPU.Build.0 = Release|Any CPU
		{BBB03861-0F6B-4255-90D2-F80DAAEFBC1D}.Debug|Any CPU.ActiveCfg = Debug|Any CPU
		{BBB03861-0F6B-4255-90D2-F80DAAEFBC1D}.Debug|Any CPU.Build.0 = Debug|Any CPU
		{BBB03861-0F6B-4255-90D2-F80DAAEFBC1D}.Release|Any CPU.ActiveCfg = Release|Any CPU
		{BBB03861-0F6B-4255-90D2-F80DAAEFBC1D}.Release|Any CPU.Build.0 = Release|Any CPU
	EndGlobalSection
	GlobalSection(SolutionProperties) = preSolution
		HideSolutionNode = FALSE
	EndGlobalSection
	GlobalSection(ExtensibilityGlobals) = postSolution
		SolutionGuid = {3472D2E8-0695-4E11-B21A-88CA9BA1AB9A}
	EndGlobalSection
EndGlobal
